// !$*UTF8*$!
{
	archiveVersion = 1;
	classes = {
	};
	objectVersion = 55;
	objects = {

/* Begin PBXBuildFile section */
		74D1B28628BBFCC900B8440B /* AppDelegate.swift in Sources */ = {isa = PBXBuildFile; fileRef = 74D1B28528BBFCC900B8440B /* AppDelegate.swift */; };
		74D1B28828BBFCC900B8440B /* SceneDelegate.swift in Sources */ = {isa = PBXBuildFile; fileRef = 74D1B28728BBFCC900B8440B /* SceneDelegate.swift */; };
		74D1B28A28BBFCC900B8440B /* ViewController.swift in Sources */ = {isa = PBXBuildFile; fileRef = 74D1B28928BBFCC900B8440B /* ViewController.swift */; };
		74D1B28D28BBFCC900B8440B /* Main.storyboard in Resources */ = {isa = PBXBuildFile; fileRef = 74D1B28B28BBFCC900B8440B /* Main.storyboard */; };
		74D1B28F28BBFCCA00B8440B /* Assets.xcassets in Resources */ = {isa = PBXBuildFile; fileRef = 74D1B28E28BBFCCA00B8440B /* Assets.xcassets */; };
		74D1B29228BBFCCA00B8440B /* LaunchScreen.storyboard in Resources */ = {isa = PBXBuildFile; fileRef = 74D1B29028BBFCCA00B8440B /* LaunchScreen.storyboard */; };
		74D1B29D28BBFCCA00B8440B /* EssentialAppTests.swift in Sources */ = {isa = PBXBuildFile; fileRef = 74D1B29C28BBFCCA00B8440B /* EssentialAppTests.swift */; };
		74D1B2A728BBFCCA00B8440B /* EssentialAppUITests.swift in Sources */ = {isa = PBXBuildFile; fileRef = 74D1B2A628BBFCCA00B8440B /* EssentialAppUITests.swift */; };
		74D1B2A928BBFCCA00B8440B /* EssentialAppUITestsLaunchTests.swift in Sources */ = {isa = PBXBuildFile; fileRef = 74D1B2A828BBFCCA00B8440B /* EssentialAppUITestsLaunchTests.swift */; };
		74D1B2D928BBFD6A00B8440B /* EssentialFeed.framework in Frameworks */ = {isa = PBXBuildFile; fileRef = 74D1B2D828BBFD6A00B8440B /* EssentialFeed.framework */; };
		74D1B2DA28BBFD6A00B8440B /* EssentialFeed.framework in Embed Frameworks */ = {isa = PBXBuildFile; fileRef = 74D1B2D828BBFD6A00B8440B /* EssentialFeed.framework */; settings = {ATTRIBUTES = (CodeSignOnCopy, RemoveHeadersOnCopy, ); }; };
/* End PBXBuildFile section */

/* Begin PBXContainerItemProxy section */
		74D1B29928BBFCCA00B8440B /* PBXContainerItemProxy */ = {
			isa = PBXContainerItemProxy;
			containerPortal = 74D1B27A28BBFCC900B8440B /* Project object */;
			proxyType = 1;
			remoteGlobalIDString = 74D1B28128BBFCC900B8440B;
			remoteInfo = EssentialApp;
		};
		74D1B2A328BBFCCA00B8440B /* PBXContainerItemProxy */ = {
			isa = PBXContainerItemProxy;
			containerPortal = 74D1B27A28BBFCC900B8440B /* Project object */;
			proxyType = 1;
			remoteGlobalIDString = 74D1B28128BBFCC900B8440B;
			remoteInfo = EssentialApp;
		};
/* End PBXContainerItemProxy section */

/* Begin PBXCopyFilesBuildPhase section */
		74D1B2DB28BBFD6A00B8440B /* Embed Frameworks */ = {
			isa = PBXCopyFilesBuildPhase;
			buildActionMask = 2147483647;
			dstPath = "";
			dstSubfolderSpec = 10;
			files = (
				74D1B2DA28BBFD6A00B8440B /* EssentialFeed.framework in Embed Frameworks */,
			);
			name = "Embed Frameworks";
			runOnlyForDeploymentPostprocessing = 0;
		};
/* End PBXCopyFilesBuildPhase section */

/* Begin PBXFileReference section */
		74D1B28228BBFCC900B8440B /* EssentialApp.app */ = {isa = PBXFileReference; explicitFileType = wrapper.application; includeInIndex = 0; path = EssentialApp.app; sourceTree = BUILT_PRODUCTS_DIR; };
		74D1B28528BBFCC900B8440B /* AppDelegate.swift */ = {isa = PBXFileReference; lastKnownFileType = sourcecode.swift; path = AppDelegate.swift; sourceTree = "<group>"; };
		74D1B28728BBFCC900B8440B /* SceneDelegate.swift */ = {isa = PBXFileReference; lastKnownFileType = sourcecode.swift; path = SceneDelegate.swift; sourceTree = "<group>"; };
		74D1B28928BBFCC900B8440B /* ViewController.swift */ = {isa = PBXFileReference; lastKnownFileType = sourcecode.swift; path = ViewController.swift; sourceTree = "<group>"; };
		74D1B28C28BBFCC900B8440B /* Base */ = {isa = PBXFileReference; lastKnownFileType = file.storyboard; name = Base; path = Base.lproj/Main.storyboard; sourceTree = "<group>"; };
		74D1B28E28BBFCCA00B8440B /* Assets.xcassets */ = {isa = PBXFileReference; lastKnownFileType = folder.assetcatalog; path = Assets.xcassets; sourceTree = "<group>"; };
		74D1B29128BBFCCA00B8440B /* Base */ = {isa = PBXFileReference; lastKnownFileType = file.storyboard; name = Base; path = Base.lproj/LaunchScreen.storyboard; sourceTree = "<group>"; };
		74D1B29328BBFCCA00B8440B /* Info.plist */ = {isa = PBXFileReference; lastKnownFileType = text.plist.xml; path = Info.plist; sourceTree = "<group>"; };
		74D1B29828BBFCCA00B8440B /* EssentialAppTests.xctest */ = {isa = PBXFileReference; explicitFileType = wrapper.cfbundle; includeInIndex = 0; path = EssentialAppTests.xctest; sourceTree = BUILT_PRODUCTS_DIR; };
		74D1B29C28BBFCCA00B8440B /* EssentialAppTests.swift */ = {isa = PBXFileReference; lastKnownFileType = sourcecode.swift; path = EssentialAppTests.swift; sourceTree = "<group>"; };
		74D1B2A228BBFCCA00B8440B /* EssentialAppUITests.xctest */ = {isa = PBXFileReference; explicitFileType = wrapper.cfbundle; includeInIndex = 0; path = EssentialAppUITests.xctest; sourceTree = BUILT_PRODUCTS_DIR; };
		74D1B2A628BBFCCA00B8440B /* EssentialAppUITests.swift */ = {isa = PBXFileReference; lastKnownFileType = sourcecode.swift; path = EssentialAppUITests.swift; sourceTree = "<group>"; };
		74D1B2A828BBFCCA00B8440B /* EssentialAppUITestsLaunchTests.swift */ = {isa = PBXFileReference; lastKnownFileType = sourcecode.swift; path = EssentialAppUITestsLaunchTests.swift; sourceTree = "<group>"; };
		74D1B2D828BBFD6A00B8440B /* EssentialFeed.framework */ = {isa = PBXFileReference; explicitFileType = wrapper.framework; path = EssentialFeed.framework; sourceTree = BUILT_PRODUCTS_DIR; };
/* End PBXFileReference section */

/* Begin PBXFrameworksBuildPhase section */
		74D1B27F28BBFCC900B8440B /* Frameworks */ = {
			isa = PBXFrameworksBuildPhase;
			buildActionMask = 2147483647;
			files = (
				74D1B2D928BBFD6A00B8440B /* EssentialFeed.framework in Frameworks */,
			);
			runOnlyForDeploymentPostprocessing = 0;
		};
		74D1B29528BBFCCA00B8440B /* Frameworks */ = {
			isa = PBXFrameworksBuildPhase;
			buildActionMask = 2147483647;
			files = (
			);
			runOnlyForDeploymentPostprocessing = 0;
		};
		74D1B29F28BBFCCA00B8440B /* Frameworks */ = {
			isa = PBXFrameworksBuildPhase;
			buildActionMask = 2147483647;
			files = (
			);
			runOnlyForDeploymentPostprocessing = 0;
		};
/* End PBXFrameworksBuildPhase section */

/* Begin PBXGroup section */
		74D1B27928BBFCC900B8440B = {
			isa = PBXGroup;
			children = (
				74D1B28428BBFCC900B8440B /* EssentialApp */,
				74D1B29B28BBFCCA00B8440B /* EssentialAppTests */,
				74D1B2A528BBFCCA00B8440B /* EssentialAppUITests */,
				74D1B28328BBFCC900B8440B /* Products */,
				74D1B2D728BBFD6A00B8440B /* Frameworks */,
			);
			sourceTree = "<group>";
		};
		74D1B28328BBFCC900B8440B /* Products */ = {
			isa = PBXGroup;
			children = (
				74D1B28228BBFCC900B8440B /* EssentialApp.app */,
				74D1B29828BBFCCA00B8440B /* EssentialAppTests.xctest */,
				74D1B2A228BBFCCA00B8440B /* EssentialAppUITests.xctest */,
			);
			name = Products;
			sourceTree = "<group>";
		};
		74D1B28428BBFCC900B8440B /* EssentialApp */ = {
			isa = PBXGroup;
			children = (
				74D1B28528BBFCC900B8440B /* AppDelegate.swift */,
				74D1B28728BBFCC900B8440B /* SceneDelegate.swift */,
				74D1B28928BBFCC900B8440B /* ViewController.swift */,
				74D1B28B28BBFCC900B8440B /* Main.storyboard */,
				74D1B28E28BBFCCA00B8440B /* Assets.xcassets */,
				74D1B29028BBFCCA00B8440B /* LaunchScreen.storyboard */,
				74D1B29328BBFCCA00B8440B /* Info.plist */,
			);
			path = EssentialApp;
			sourceTree = "<group>";
		};
		74D1B29B28BBFCCA00B8440B /* EssentialAppTests */ = {
			isa = PBXGroup;
			children = (
				74D1B29C28BBFCCA00B8440B /* EssentialAppTests.swift */,
			);
			path = EssentialAppTests;
			sourceTree = "<group>";
		};
		74D1B2A528BBFCCA00B8440B /* EssentialAppUITests */ = {
			isa = PBXGroup;
			children = (
				74D1B2A628BBFCCA00B8440B /* EssentialAppUITests.swift */,
				74D1B2A828BBFCCA00B8440B /* EssentialAppUITestsLaunchTests.swift */,
			);
			path = EssentialAppUITests;
			sourceTree = "<group>";
		};
		74D1B2D728BBFD6A00B8440B /* Frameworks */ = {
			isa = PBXGroup;
			children = (
				74D1B2D828BBFD6A00B8440B /* EssentialFeed.framework */,
			);
			name = Frameworks;
			sourceTree = "<group>";
		};
/* End PBXGroup section */

/* Begin PBXNativeTarget section */
		74D1B28128BBFCC900B8440B /* EssentialApp */ = {
			isa = PBXNativeTarget;
			buildConfigurationList = 74D1B2AC28BBFCCA00B8440B /* Build configuration list for PBXNativeTarget "EssentialApp" */;
			buildPhases = (
				74D1B27E28BBFCC900B8440B /* Sources */,
				74D1B27F28BBFCC900B8440B /* Frameworks */,
				74D1B28028BBFCC900B8440B /* Resources */,
				74D1B2DB28BBFD6A00B8440B /* Embed Frameworks */,
			);
			buildRules = (
			);
			dependencies = (
			);
			name = EssentialApp;
			productName = EssentialApp;
			productReference = 74D1B28228BBFCC900B8440B /* EssentialApp.app */;
			productType = "com.apple.product-type.application";
		};
		74D1B29728BBFCCA00B8440B /* EssentialAppTests */ = {
			isa = PBXNativeTarget;
			buildConfigurationList = 74D1B2AF28BBFCCA00B8440B /* Build configuration list for PBXNativeTarget "EssentialAppTests" */;
			buildPhases = (
				74D1B29428BBFCCA00B8440B /* Sources */,
				74D1B29528BBFCCA00B8440B /* Frameworks */,
				74D1B29628BBFCCA00B8440B /* Resources */,
			);
			buildRules = (
			);
			dependencies = (
				74D1B29A28BBFCCA00B8440B /* PBXTargetDependency */,
			);
			name = EssentialAppTests;
			productName = EssentialAppTests;
			productReference = 74D1B29828BBFCCA00B8440B /* EssentialAppTests.xctest */;
			productType = "com.apple.product-type.bundle.unit-test";
		};
		74D1B2A128BBFCCA00B8440B /* EssentialAppUITests */ = {
			isa = PBXNativeTarget;
			buildConfigurationList = 74D1B2B228BBFCCA00B8440B /* Build configuration list for PBXNativeTarget "EssentialAppUITests" */;
			buildPhases = (
				74D1B29E28BBFCCA00B8440B /* Sources */,
				74D1B29F28BBFCCA00B8440B /* Frameworks */,
				74D1B2A028BBFCCA00B8440B /* Resources */,
			);
			buildRules = (
			);
			dependencies = (
				74D1B2A428BBFCCA00B8440B /* PBXTargetDependency */,
			);
			name = EssentialAppUITests;
			productName = EssentialAppUITests;
			productReference = 74D1B2A228BBFCCA00B8440B /* EssentialAppUITests.xctest */;
			productType = "com.apple.product-type.bundle.ui-testing";
		};
/* End PBXNativeTarget section */

/* Begin PBXProject section */
		74D1B27A28BBFCC900B8440B /* Project object */ = {
			isa = PBXProject;
			attributes = {
				BuildIndependentTargetsInParallel = 1;
				LastSwiftUpdateCheck = 1340;
				LastUpgradeCheck = 1340;
				TargetAttributes = {
					74D1B28128BBFCC900B8440B = {
						CreatedOnToolsVersion = 13.4.1;
					};
					74D1B29728BBFCCA00B8440B = {
						CreatedOnToolsVersion = 13.4.1;
						TestTargetID = 74D1B28128BBFCC900B8440B;
					};
					74D1B2A128BBFCCA00B8440B = {
						CreatedOnToolsVersion = 13.4.1;
						TestTargetID = 74D1B28128BBFCC900B8440B;
					};
				};
			};
			buildConfigurationList = 74D1B27D28BBFCC900B8440B /* Build configuration list for PBXProject "EssentialApp" */;
			compatibilityVersion = "Xcode 13.0";
			developmentRegion = en;
			hasScannedForEncodings = 0;
			knownRegions = (
				en,
				Base,
			);
			mainGroup = 74D1B27928BBFCC900B8440B;
			productRefGroup = 74D1B28328BBFCC900B8440B /* Products */;
			projectDirPath = "";
			projectRoot = "";
			targets = (
				74D1B28128BBFCC900B8440B /* EssentialApp */,
				74D1B29728BBFCCA00B8440B /* EssentialAppTests */,
				74D1B2A128BBFCCA00B8440B /* EssentialAppUITests */,
			);
		};
/* End PBXProject section */

/* Begin PBXResourcesBuildPhase section */
		74D1B28028BBFCC900B8440B /* Resources */ = {
			isa = PBXResourcesBuildPhase;
			buildActionMask = 2147483647;
			files = (
				74D1B29228BBFCCA00B8440B /* LaunchScreen.storyboard in Resources */,
				74D1B28F28BBFCCA00B8440B /* Assets.xcassets in Resources */,
				74D1B28D28BBFCC900B8440B /* Main.storyboard in Resources */,
			);
			runOnlyForDeploymentPostprocessing = 0;
		};
		74D1B29628BBFCCA00B8440B /* Resources */ = {
			isa = PBXResourcesBuildPhase;
			buildActionMask = 2147483647;
			files = (
			);
			runOnlyForDeploymentPostprocessing = 0;
		};
		74D1B2A028BBFCCA00B8440B /* Resources */ = {
			isa = PBXResourcesBuildPhase;
			buildActionMask = 2147483647;
			files = (
			);
			runOnlyForDeploymentPostprocessing = 0;
		};
/* End PBXResourcesBuildPhase section */

/* Begin PBXSourcesBuildPhase section */
		74D1B27E28BBFCC900B8440B /* Sources */ = {
			isa = PBXSourcesBuildPhase;
			buildActionMask = 2147483647;
			files = (
				74D1B28A28BBFCC900B8440B /* ViewController.swift in Sources */,
				74D1B28628BBFCC900B8440B /* AppDelegate.swift in Sources */,
				74D1B28828BBFCC900B8440B /* SceneDelegate.swift in Sources */,
			);
			runOnlyForDeploymentPostprocessing = 0;
		};
		74D1B29428BBFCCA00B8440B /* Sources */ = {
			isa = PBXSourcesBuildPhase;
			buildActionMask = 2147483647;
			files = (
				74D1B29D28BBFCCA00B8440B /* EssentialAppTests.swift in Sources */,
			);
			runOnlyForDeploymentPostprocessing = 0;
		};
		74D1B29E28BBFCCA00B8440B /* Sources */ = {
			isa = PBXSourcesBuildPhase;
			buildActionMask = 2147483647;
			files = (
				74D1B2A728BBFCCA00B8440B /* EssentialAppUITests.swift in Sources */,
				74D1B2A928BBFCCA00B8440B /* EssentialAppUITestsLaunchTests.swift in Sources */,
			);
			runOnlyForDeploymentPostprocessing = 0;
		};
/* End PBXSourcesBuildPhase section */

/* Begin PBXTargetDependency section */
		74D1B29A28BBFCCA00B8440B /* PBXTargetDependency */ = {
			isa = PBXTargetDependency;
			target = 74D1B28128BBFCC900B8440B /* EssentialApp */;
			targetProxy = 74D1B29928BBFCCA00B8440B /* PBXContainerItemProxy */;
		};
		74D1B2A428BBFCCA00B8440B /* PBXTargetDependency */ = {
			isa = PBXTargetDependency;
			target = 74D1B28128BBFCC900B8440B /* EssentialApp */;
			targetProxy = 74D1B2A328BBFCCA00B8440B /* PBXContainerItemProxy */;
		};
/* End PBXTargetDependency section */

/* Begin PBXVariantGroup section */
		74D1B28B28BBFCC900B8440B /* Main.storyboard */ = {
			isa = PBXVariantGroup;
			children = (
				74D1B28C28BBFCC900B8440B /* Base */,
			);
			name = Main.storyboard;
			sourceTree = "<group>";
		};
		74D1B29028BBFCCA00B8440B /* LaunchScreen.storyboard */ = {
			isa = PBXVariantGroup;
			children = (
				74D1B29128BBFCCA00B8440B /* Base */,
			);
			name = LaunchScreen.storyboard;
			sourceTree = "<group>";
		};
/* End PBXVariantGroup section */

/* Begin XCBuildConfiguration section */
		74D1B2AA28BBFCCA00B8440B /* Debug */ = {
			isa = XCBuildConfiguration;
			buildSettings = {
				ALWAYS_SEARCH_USER_PATHS = NO;
				CLANG_ANALYZER_NONNULL = YES;
				CLANG_ANALYZER_NUMBER_OBJECT_CONVERSION = YES_AGGRESSIVE;
				CLANG_CXX_LANGUAGE_STANDARD = "gnu++17";
				CLANG_ENABLE_MODULES = YES;
				CLANG_ENABLE_OBJC_ARC = YES;
				CLANG_ENABLE_OBJC_WEAK = YES;
				CLANG_WARN_BLOCK_CAPTURE_AUTORELEASING = YES;
				CLANG_WARN_BOOL_CONVERSION = YES;
				CLANG_WARN_COMMA = YES;
				CLANG_WARN_CONSTANT_CONVERSION = YES;
				CLANG_WARN_DEPRECATED_OBJC_IMPLEMENTATIONS = YES;
				CLANG_WARN_DIRECT_OBJC_ISA_USAGE = YES_ERROR;
				CLANG_WARN_DOCUMENTATION_COMMENTS = YES;
				CLANG_WARN_EMPTY_BODY = YES;
				CLANG_WARN_ENUM_CONVERSION = YES;
				CLANG_WARN_INFINITE_RECURSION = YES;
				CLANG_WARN_INT_CONVERSION = YES;
				CLANG_WARN_NON_LITERAL_NULL_CONVERSION = YES;
				CLANG_WARN_OBJC_IMPLICIT_RETAIN_SELF = YES;
				CLANG_WARN_OBJC_LITERAL_CONVERSION = YES;
				CLANG_WARN_OBJC_ROOT_CLASS = YES_ERROR;
				CLANG_WARN_QUOTED_INCLUDE_IN_FRAMEWORK_HEADER = YES;
				CLANG_WARN_RANGE_LOOP_ANALYSIS = YES;
				CLANG_WARN_STRICT_PROTOTYPES = YES;
				CLANG_WARN_SUSPICIOUS_MOVE = YES;
				CLANG_WARN_UNGUARDED_AVAILABILITY = YES_AGGRESSIVE;
				CLANG_WARN_UNREACHABLE_CODE = YES;
				CLANG_WARN__DUPLICATE_METHOD_MATCH = YES;
				COPY_PHASE_STRIP = NO;
				DEBUG_INFORMATION_FORMAT = dwarf;
				ENABLE_STRICT_OBJC_MSGSEND = YES;
				ENABLE_TESTABILITY = YES;
				GCC_C_LANGUAGE_STANDARD = gnu11;
				GCC_DYNAMIC_NO_PIC = NO;
				GCC_NO_COMMON_BLOCKS = YES;
				GCC_OPTIMIZATION_LEVEL = 0;
				GCC_PREPROCESSOR_DEFINITIONS = (
					"DEBUG=1",
					"$(inherited)",
				);
				GCC_WARN_64_TO_32_BIT_CONVERSION = YES;
				GCC_WARN_ABOUT_RETURN_TYPE = YES_ERROR;
				GCC_WARN_UNDECLARED_SELECTOR = YES;
				GCC_WARN_UNINITIALIZED_AUTOS = YES_AGGRESSIVE;
				GCC_WARN_UNUSED_FUNCTION = YES;
				GCC_WARN_UNUSED_VARIABLE = YES;
				IPHONEOS_DEPLOYMENT_TARGET = 15.5;
				MTL_ENABLE_DEBUG_INFO = INCLUDE_SOURCE;
				MTL_FAST_MATH = YES;
				ONLY_ACTIVE_ARCH = YES;
				SDKROOT = iphoneos;
				SWIFT_ACTIVE_COMPILATION_CONDITIONS = DEBUG;
				SWIFT_OPTIMIZATION_LEVEL = "-Onone";
			};
			name = Debug;
		};
		74D1B2AB28BBFCCA00B8440B /* Release */ = {
			isa = XCBuildConfiguration;
			buildSettings = {
				ALWAYS_SEARCH_USER_PATHS = NO;
				CLANG_ANALYZER_NONNULL = YES;
				CLANG_ANALYZER_NUMBER_OBJECT_CONVERSION = YES_AGGRESSIVE;
				CLANG_CXX_LANGUAGE_STANDARD = "gnu++17";
				CLANG_ENABLE_MODULES = YES;
				CLANG_ENABLE_OBJC_ARC = YES;
				CLANG_ENABLE_OBJC_WEAK = YES;
				CLANG_WARN_BLOCK_CAPTURE_AUTORELEASING = YES;
				CLANG_WARN_BOOL_CONVERSION = YES;
				CLANG_WARN_COMMA = YES;
				CLANG_WARN_CONSTANT_CONVERSION = YES;
				CLANG_WARN_DEPRECATED_OBJC_IMPLEMENTATIONS = YES;
				CLANG_WARN_DIRECT_OBJC_ISA_USAGE = YES_ERROR;
				CLANG_WARN_DOCUMENTATION_COMMENTS = YES;
				CLANG_WARN_EMPTY_BODY = YES;
				CLANG_WARN_ENUM_CONVERSION = YES;
				CLANG_WARN_INFINITE_RECURSION = YES;
				CLANG_WARN_INT_CONVERSION = YES;
				CLANG_WARN_NON_LITERAL_NULL_CONVERSION = YES;
				CLANG_WARN_OBJC_IMPLICIT_RETAIN_SELF = YES;
				CLANG_WARN_OBJC_LITERAL_CONVERSION = YES;
				CLANG_WARN_OBJC_ROOT_CLASS = YES_ERROR;
				CLANG_WARN_QUOTED_INCLUDE_IN_FRAMEWORK_HEADER = YES;
				CLANG_WARN_RANGE_LOOP_ANALYSIS = YES;
				CLANG_WARN_STRICT_PROTOTYPES = YES;
				CLANG_WARN_SUSPICIOUS_MOVE = YES;
				CLANG_WARN_UNGUARDED_AVAILABILITY = YES_AGGRESSIVE;
				CLANG_WARN_UNREACHABLE_CODE = YES;
				CLANG_WARN__DUPLICATE_METHOD_MATCH = YES;
				COPY_PHASE_STRIP = NO;
				DEBUG_INFORMATION_FORMAT = "dwarf-with-dsym";
				ENABLE_NS_ASSERTIONS = NO;
				ENABLE_STRICT_OBJC_MSGSEND = YES;
				GCC_C_LANGUAGE_STANDARD = gnu11;
				GCC_NO_COMMON_BLOCKS = YES;
				GCC_WARN_64_TO_32_BIT_CONVERSION = YES;
				GCC_WARN_ABOUT_RETURN_TYPE = YES_ERROR;
				GCC_WARN_UNDECLARED_SELECTOR = YES;
				GCC_WARN_UNINITIALIZED_AUTOS = YES_AGGRESSIVE;
				GCC_WARN_UNUSED_FUNCTION = YES;
				GCC_WARN_UNUSED_VARIABLE = YES;
				IPHONEOS_DEPLOYMENT_TARGET = 15.5;
				MTL_ENABLE_DEBUG_INFO = NO;
				MTL_FAST_MATH = YES;
				SDKROOT = iphoneos;
				SWIFT_COMPILATION_MODE = wholemodule;
				SWIFT_OPTIMIZATION_LEVEL = "-O";
				VALIDATE_PRODUCT = YES;
			};
			name = Release;
		};
		74D1B2AD28BBFCCA00B8440B /* Debug */ = {
			isa = XCBuildConfiguration;
			buildSettings = {
				ASSETCATALOG_COMPILER_APPICON_NAME = AppIcon;
				ASSETCATALOG_COMPILER_GLOBAL_ACCENT_COLOR_NAME = AccentColor;
				CODE_SIGN_STYLE = Automatic;
				CURRENT_PROJECT_VERSION = 1;
				DEVELOPMENT_TEAM = PU625P2UW3;
				GENERATE_INFOPLIST_FILE = YES;
				INFOPLIST_FILE = EssentialApp/Info.plist;
				INFOPLIST_KEY_UIApplicationSupportsIndirectInputEvents = YES;
				INFOPLIST_KEY_UILaunchStoryboardName = LaunchScreen;
				INFOPLIST_KEY_UIMainStoryboardFile = Main;
				INFOPLIST_KEY_UISupportedInterfaceOrientations_iPad = "UIInterfaceOrientationPortrait UIInterfaceOrientationPortraitUpsideDown UIInterfaceOrientationLandscapeLeft UIInterfaceOrientationLandscapeRight";
				INFOPLIST_KEY_UISupportedInterfaceOrientations_iPhone = "UIInterfaceOrientationPortrait UIInterfaceOrientationLandscapeLeft UIInterfaceOrientationLandscapeRight";
				LD_RUNPATH_SEARCH_PATHS = (
					"$(inherited)",
					"@executable_path/Frameworks",
				);
				MARKETING_VERSION = 1.0;
				PRODUCT_BUNDLE_IDENTIFIER = com.hferrari.EssentialApp;
				PRODUCT_NAME = "$(TARGET_NAME)";
				SWIFT_EMIT_LOC_STRINGS = YES;
				SWIFT_VERSION = 5.0;
				TARGETED_DEVICE_FAMILY = "1,2";
			};
			name = Debug;
		};
		74D1B2AE28BBFCCA00B8440B /* Release */ = {
			isa = XCBuildConfiguration;
			buildSettings = {
				ASSETCATALOG_COMPILER_APPICON_NAME = AppIcon;
				ASSETCATALOG_COMPILER_GLOBAL_ACCENT_COLOR_NAME = AccentColor;
				CODE_SIGN_STYLE = Automatic;
				CURRENT_PROJECT_VERSION = 1;
				DEVELOPMENT_TEAM = PU625P2UW3;
				GENERATE_INFOPLIST_FILE = YES;
				INFOPLIST_FILE = EssentialApp/Info.plist;
				INFOPLIST_KEY_UIApplicationSupportsIndirectInputEvents = YES;
				INFOPLIST_KEY_UILaunchStoryboardName = LaunchScreen;
				INFOPLIST_KEY_UIMainStoryboardFile = Main;
				INFOPLIST_KEY_UISupportedInterfaceOrientations_iPad = "UIInterfaceOrientationPortrait UIInterfaceOrientationPortraitUpsideDown UIInterfaceOrientationLandscapeLeft UIInterfaceOrientationLandscapeRight";
				INFOPLIST_KEY_UISupportedInterfaceOrientations_iPhone = "UIInterfaceOrientationPortrait UIInterfaceOrientationLandscapeLeft UIInterfaceOrientationLandscapeRight";
				LD_RUNPATH_SEARCH_PATHS = (
					"$(inherited)",
					"@executable_path/Frameworks",
				);
				MARKETING_VERSION = 1.0;
				PRODUCT_BUNDLE_IDENTIFIER = com.hferrari.EssentialApp;
				PRODUCT_NAME = "$(TARGET_NAME)";
				SWIFT_EMIT_LOC_STRINGS = YES;
				SWIFT_VERSION = 5.0;
				TARGETED_DEVICE_FAMILY = "1,2";
			};
			name = Release;
		};
		74D1B2B028BBFCCA00B8440B /* Debug */ = {
			isa = XCBuildConfiguration;
			buildSettings = {
				ALWAYS_EMBED_SWIFT_STANDARD_LIBRARIES = YES;
				BUNDLE_LOADER = "$(TEST_HOST)";
				CODE_SIGN_STYLE = Automatic;
				CURRENT_PROJECT_VERSION = 1;
				DEVELOPMENT_TEAM = PU625P2UW3;
				GENERATE_INFOPLIST_FILE = YES;
				IPHONEOS_DEPLOYMENT_TARGET = 15.5;
				MARKETING_VERSION = 1.0;
				PRODUCT_BUNDLE_IDENTIFIER = com.hferrari.EssentialAppTests;
				PRODUCT_NAME = "$(TARGET_NAME)";
				SWIFT_EMIT_LOC_STRINGS = NO;
				SWIFT_VERSION = 5.0;
				TARGETED_DEVICE_FAMILY = "1,2";
				TEST_HOST = "$(BUILT_PRODUCTS_DIR)/EssentialApp.app/EssentialApp";
			};
			name = Debug;
		};
		74D1B2B128BBFCCA00B8440B /* Release */ = {
			isa = XCBuildConfiguration;
			buildSettings = {
				ALWAYS_EMBED_SWIFT_STANDARD_LIBRARIES = YES;
				BUNDLE_LOADER = "$(TEST_HOST)";
				CODE_SIGN_STYLE = Automatic;
				CURRENT_PROJECT_VERSION = 1;
				DEVELOPMENT_TEAM = PU625P2UW3;
				GENERATE_INFOPLIST_FILE = YES;
				IPHONEOS_DEPLOYMENT_TARGET = 15.5;
				MARKETING_VERSION = 1.0;
				PRODUCT_BUNDLE_IDENTIFIER = com.hferrari.EssentialAppTests;
				PRODUCT_NAME = "$(TARGET_NAME)";
				SWIFT_EMIT_LOC_STRINGS = NO;
				SWIFT_VERSION = 5.0;
				TARGETED_DEVICE_FAMILY = "1,2";
				TEST_HOST = "$(BUILT_PRODUCTS_DIR)/EssentialApp.app/EssentialApp";
			};
			name = Release;
		};
		74D1B2B328BBFCCA00B8440B /* Debug */ = {
			isa = XCBuildConfiguration;
			buildSettings = {
				ALWAYS_EMBED_SWIFT_STANDARD_LIBRARIES = YES;
				CODE_SIGN_STYLE = Automatic;
				CURRENT_PROJECT_VERSION = 1;
				DEVELOPMENT_TEAM = PU625P2UW3;
				GENERATE_INFOPLIST_FILE = YES;
				MARKETING_VERSION = 1.0;
				PRODUCT_BUNDLE_IDENTIFIER = com.hferrari.EssentialAppUITests;
				PRODUCT_NAME = "$(TARGET_NAME)";
				SWIFT_EMIT_LOC_STRINGS = NO;
				SWIFT_VERSION = 5.0;
				TARGETED_DEVICE_FAMILY = "1,2";
				TEST_TARGET_NAME = EssentialApp;
			};
			name = Debug;
		};
		74D1B2B428BBFCCA00B8440B /* Release */ = {
			isa = XCBuildConfiguration;
			buildSettings = {
				ALWAYS_EMBED_SWIFT_STANDARD_LIBRARIES = YES;
				CODE_SIGN_STYLE = Automatic;
				CURRENT_PROJECT_VERSION = 1;
				DEVELOPMENT_TEAM = PU625P2UW3;
				GENERATE_INFOPLIST_FILE = YES;
				MARKETING_VERSION = 1.0;
				PRODUCT_BUNDLE_IDENTIFIER = com.hferrari.EssentialAppUITests;
				PRODUCT_NAME = "$(TARGET_NAME)";
				SWIFT_EMIT_LOC_STRINGS = NO;
				SWIFT_VERSION = 5.0;
				TARGETED_DEVICE_FAMILY = "1,2";
				TEST_TARGET_NAME = EssentialApp;
			};
			name = Release;
		};
/* End XCBuildConfiguration section */

/* Begin XCConfigurationList section */
		74D1B27D28BBFCC900B8440B /* Build configuration list for PBXProject "EssentialApp" */ = {
			isa = XCConfigurationList;
			buildConfigurations = (
				74D1B2AA28BBFCCA00B8440B /* Debug */,
				74D1B2AB28BBFCCA00B8440B /* Release */,
			);
			defaultConfigurationIsVisible = 0;
			defaultConfigurationName = Release;
		};
		74D1B2AC28BBFCCA00B8440B /* Build configuration list for PBXNativeTarget "EssentialApp" */ = {
			isa = XCConfigurationList;
			buildConfigurations = (
				74D1B2AD28BBFCCA00B8440B /* Debug */,
				74D1B2AE28BBFCCA00B8440B /* Release */,
			);
			defaultConfigurationIsVisible = 0;
			defaultConfigurationName = Release;
		};
		74D1B2AF28BBFCCA00B8440B /* Build configuration list for PBXNativeTarget "EssentialAppTests" */ = {
			isa = XCConfigurationList;
			buildConfigurations = (
				74D1B2B028BBFCCA00B8440B /* Debug */,
				74D1B2B128BBFCCA00B8440B /* Release */,
			);
			defaultConfigurationIsVisible = 0;
			defaultConfigurationName = Release;
		};
		74D1B2B228BBFCCA00B8440B /* Build configuration list for PBXNativeTarget "EssentialAppUITests" */ = {
			isa = XCConfigurationList;
			buildConfigurations = (
				74D1B2B328BBFCCA00B8440B /* Debug */,
				74D1B2B428BBFCCA00B8440B /* Release */,
			);
			defaultConfigurationIsVisible = 0;
			defaultConfigurationName = Release;
		};
/* End XCConfigurationList section */
	};
	rootObject = 74D1B27A28BBFCC900B8440B /* Project object */;
}
